
Microsoft Visual Studio Solution File, Format Version 12.00
# Visual Studio Version 17
VisualStudioVersion = 17.0.31903.59
MinimumVisualStudioVersion = 10.0.40219.1
Project("{778DAE3C-4631-46EA-AA77-85C1314464D9}") = "VisualBasicDotnet", "sources\VisualBasicDotnet\VisualBasicDotnet.vbproj", "{36B05597-3DB3-4F06-BC25-2AEDBE08E5D5}"
EndProject
Project("{6EC3EE1D-3C4E-46DD-8F32-0CC8E7565705}") = "FsharpDotnet", "sources\FsharpDotnet\FsharpDotnet.fsproj", "{CD44D49B-9479-4E95-9423-A5CBA672F8D6}"
EndProject
Project("{9A19103F-16F7-4668-BE54-9A1E7A4F7556}") = "CsharpDotnet", "sources\CsharpDotnet\CsharpDotnet.csproj", "{EE4A93E3-C894-40A3-9750-7B5F160669F0}"
EndProject
Project("{9A19103F-16F7-4668-BE54-9A1E7A4F7556}") = "RaiseManager", "sources\RaiseManager\RaiseManager.csproj", "{91AE88B6-1269-41DB-94CF-2ACABCBC7AD7}"
EndProject
Project("{2150E333-8FDC-42A3-9474-1A3956D46DE8}") = "Solution Items", "Solution Items", "{AF77169A-BE8F-4C28-9259-5CA709663371}"
	ProjectSection(SolutionItems) = preProject
		.gitignore = .gitignore
		README.md = README.md
	EndProjectSection
EndProject
Global
	GlobalSection(SolutionConfigurationPlatforms) = preSolution
		Debug|Any CPU = Debug|Any CPU
		Release|Any CPU = Release|Any CPU
	EndGlobalSection
	GlobalSection(ProjectConfigurationPlatforms) = postSolution
		{36B05597-3DB3-4F06-BC25-2AEDBE08E5D5}.Debug|Any CPU.ActiveCfg = Debug|Any CPU
		{36B05597-3DB3-4F06-BC25-2AEDBE08E5D5}.Debug|Any CPU.Build.0 = Debug|Any CPU
		{36B05597-3DB3-4F06-BC25-2AEDBE08E5D5}.Release|Any CPU.ActiveCfg = Release|Any CPU
		{36B05597-3DB3-4F06-BC25-2AEDBE08E5D5}.Release|Any CPU.Build.0 = Release|Any CPU
		{CD44D49B-9479-4E95-9423-A5CBA672F8D6}.Debug|Any CPU.ActiveCfg = Debug|Any CPU
		{CD44D49B-9479-4E95-9423-A5CBA672F8D6}.Debug|Any CPU.Build.0 = Debug|Any CPU
		{CD44D49B-9479-4E95-9423-A5CBA672F8D6}.Release|Any CPU.ActiveCfg = Release|Any CPU
		{CD44D49B-9479-4E95-9423-A5CBA672F8D6}.Release|Any CPU.Build.0 = Release|Any CPU
		{EE4A93E3-C894-40A3-9750-7B5F160669F0}.Debug|Any CPU.ActiveCfg = Debug|Any CPU
		{EE4A93E3-C894-40A3-9750-7B5F160669F0}.Debug|Any CPU.Build.0 = Debug|Any CPU
		{EE4A93E3-C894-40A3-9750-7B5F160669F0}.Release|Any CPU.ActiveCfg = Release|Any CPU
		{EE4A93E3-C894-40A3-9750-7B5F160669F0}.Release|Any CPU.Build.0 = Release|Any CPU
		{91AE88B6-1269-41DB-94CF-2ACABCBC7AD7}.Debug|Any CPU.ActiveCfg = Debug|Any CPU
		{91AE88B6-1269-41DB-94CF-2ACABCBC7AD7}.Debug|Any CPU.Build.0 = Debug|Any CPU
		{91AE88B6-1269-41DB-94CF-2ACABCBC7AD7}.Release|Any CPU.ActiveCfg = Release|Any CPU
		{91AE88B6-1269-41DB-94CF-2ACABCBC7AD7}.Release|Any CPU.Build.0 = Release|Any CPU
	EndGlobalSection
	GlobalSection(SolutionProperties) = preSolution
		HideSolutionNode = FALSE
	EndGlobalSection
	GlobalSection(ExtensibilityGlobals) = postSolution
		SolutionGuid = {C9AB6CC1-EEC5-4DD8-9569-B61C451D5CFC}
	EndGlobalSection
EndGlobal
